
Microsoft Visual Studio Solution File, Format Version 12.00
# Visual Studio Version 17
VisualStudioVersion = 17.9.34902.65
MinimumVisualStudioVersion = 10.0.40219.1
Project("{FAE04EC0-301F-11D3-BF4B-00C04F79EFBC}") = "TextFilter", "TextFilter\TextFilter.csproj", "{EB0C7D18-E720-4D22-A76E-EE2735D722E5}"
EndProject
Project("{FAE04EC0-301F-11D3-BF4B-00C04F79EFBC}") = "TextFilter.Tests", "Tests\TextFilter.Tests\TextFilter.Tests.csproj", "{727CFBB0-F204-49C2-8205-B75CB95716AC}"
EndProject
Global
	GlobalSection(SolutionConfigurationPlatforms) = preSolution
		Debug|Any CPU = Debug|Any CPU
		Release|Any CPU = Release|Any CPU
	EndGlobalSection
	GlobalSection(ProjectConfigurationPlatforms) = postSolution
		{EB0C7D18-E720-4D22-A76E-EE2735D722E5}.Debug|Any CPU.ActiveCfg = Debug|Any CPU
		{EB0C7D18-E720-4D22-A76E-EE2735D722E5}.Debug|Any CPU.Build.0 = Debug|Any CPU
		{EB0C7D18-E720-4D22-A76E-EE2735D722E5}.Release|Any CPU.ActiveCfg = Release|Any CPU
		{EB0C7D18-E720-4D22-A76E-EE2735D722E5}.Release|Any CPU.Build.0 = Release|Any CPU
		{727CFBB0-F204-49C2-8205-B75CB95716AC}.Debug|Any CPU.ActiveCfg = Debug|Any CPU
		{727CFBB0-F204-49C2-8205-B75CB95716AC}.Debug|Any CPU.Build.0 = Debug|Any CPU
		{727CFBB0-F204-49C2-8205-B75CB95716AC}.Release|Any CPU.ActiveCfg = Release|Any CPU
		{727CFBB0-F204-49C2-8205-B75CB95716AC}.Release|Any CPU.Build.0 = Release|Any CPU
	EndGlobalSection
	GlobalSection(SolutionProperties) = preSolution
		HideSolutionNode = FALSE
	EndGlobalSection
	GlobalSection(ExtensibilityGlobals) = postSolution
		SolutionGuid = {5441EE0D-B2CB-49C3-BB2A-9147E118C898}
	EndGlobalSection
EndGlobal
